
Microsoft Visual Studio Solution File, Format Version 12.00
# Visual Studio 15
VisualStudioVersion = 15.0.28010.0
MinimumVisualStudioVersion = 10.0.40219.1
Project("{FAE04EC0-301F-11D3-BF4B-00C04F79EFBC}") = "p_data_receive", "p_data_receive\p_data_receive.csproj", "{D9D22FCE-52D4-475E-BD9C-26CB4EDB2A58}"
EndProject
Global
	GlobalSection(SolutionConfigurationPlatforms) = preSolution
		Debug|Any CPU = Debug|Any CPU
		Release|Any CPU = Release|Any CPU
	EndGlobalSection
	GlobalSection(ProjectConfigurationPlatforms) = postSolution
		{D9D22FCE-52D4-475E-BD9C-26CB4EDB2A58}.Debug|Any CPU.ActiveCfg = Debug|Any CPU
		{D9D22FCE-52D4-475E-BD9C-26CB4EDB2A58}.Debug|Any CPU.Build.0 = Debug|Any CPU
		{D9D22FCE-52D4-475E-BD9C-26CB4EDB2A58}.Release|Any CPU.ActiveCfg = Release|Any CPU
		{D9D22FCE-52D4-475E-BD9C-26CB4EDB2A58}.Release|Any CPU.Build.0 = Release|Any CPU
	EndGlobalSection
	GlobalSection(SolutionProperties) = preSolution
		HideSolutionNode = FALSE
	EndGlobalSection
	GlobalSection(ExtensibilityGlobals) = postSolution
		SolutionGuid = {AB0D46C1-3A7A-4708-8E51-4A0A2E6768F8}
	EndGlobalSection
EndGlobal
